
Microsoft Visual Studio Solution File, Format Version 12.00
# Visual Studio Version 17
VisualStudioVersion = 17.3.32819.101
MinimumVisualStudioVersion = 10.0.40219.1
Project("{FAE04EC0-301F-11D3-BF4B-00C04F79EFBC}") = "ASCII", "ASCII\ASCII.csproj", "{A487FEBA-2B6B-483D-B9B6-20B9C3B967D8}"
EndProject
Project("{FAE04EC0-301F-11D3-BF4B-00C04F79EFBC}") = "Desctop_ASCII", "..\Desctop_ASCII\Desctop_ASCII.csproj", "{9CFF1670-45C5-484F-A318-D17B843926FD}"
EndProject
Global
	GlobalSection(SolutionConfigurationPlatforms) = preSolution
		Debug|Any CPU = Debug|Any CPU
		Release|Any CPU = Release|Any CPU
	EndGlobalSection
	GlobalSection(ProjectConfigurationPlatforms) = postSolution
		{A487FEBA-2B6B-483D-B9B6-20B9C3B967D8}.Debug|Any CPU.ActiveCfg = Debug|Any CPU
		{A487FEBA-2B6B-483D-B9B6-20B9C3B967D8}.Debug|Any CPU.Build.0 = Debug|Any CPU
		{A487FEBA-2B6B-483D-B9B6-20B9C3B967D8}.Release|Any CPU.ActiveCfg = Release|Any CPU
		{A487FEBA-2B6B-483D-B9B6-20B9C3B967D8}.Release|Any CPU.Build.0 = Release|Any CPU
		{9CFF1670-45C5-484F-A318-D17B843926FD}.Debug|Any CPU.ActiveCfg = Debug|Any CPU
		{9CFF1670-45C5-484F-A318-D17B843926FD}.Debug|Any CPU.Build.0 = Debug|Any CPU
		{9CFF1670-45C5-484F-A318-D17B843926FD}.Release|Any CPU.ActiveCfg = Release|Any CPU
		{9CFF1670-45C5-484F-A318-D17B843926FD}.Release|Any CPU.Build.0 = Release|Any CPU
	EndGlobalSection
	GlobalSection(SolutionProperties) = preSolution
		HideSolutionNode = FALSE
	EndGlobalSection
	GlobalSection(ExtensibilityGlobals) = postSolution
		SolutionGuid = {3E862343-F4A9-47AC-AB88-C32B5A61DBFB}
	EndGlobalSection
EndGlobal
