
Microsoft Visual Studio Solution File, Format Version 12.00
# Visual Studio Version 17
VisualStudioVersion = 17.3.32819.101
MinimumVisualStudioVersion = 10.0.40219.1
Project("{FAE04EC0-301F-11D3-BF4B-00C04F79EFBC}") = "5_4_fr", "5_4_fr\5_4_fr.csproj", "{C0671BF3-A3E5-4F80-92FA-4FB1ACE050E5}"
EndProject
Global
	GlobalSection(SolutionConfigurationPlatforms) = preSolution
		Debug|Any CPU = Debug|Any CPU
		Release|Any CPU = Release|Any CPU
	EndGlobalSection
	GlobalSection(ProjectConfigurationPlatforms) = postSolution
		{C0671BF3-A3E5-4F80-92FA-4FB1ACE050E5}.Debug|Any CPU.ActiveCfg = Debug|Any CPU
		{C0671BF3-A3E5-4F80-92FA-4FB1ACE050E5}.Debug|Any CPU.Build.0 = Debug|Any CPU
		{C0671BF3-A3E5-4F80-92FA-4FB1ACE050E5}.Release|Any CPU.ActiveCfg = Release|Any CPU
		{C0671BF3-A3E5-4F80-92FA-4FB1ACE050E5}.Release|Any CPU.Build.0 = Release|Any CPU
	EndGlobalSection
	GlobalSection(SolutionProperties) = preSolution
		HideSolutionNode = FALSE
	EndGlobalSection
	GlobalSection(ExtensibilityGlobals) = postSolution
		SolutionGuid = {F51A6C60-22DB-47B1-8D0E-F11CF254096B}
	EndGlobalSection
EndGlobal
