
Microsoft Visual Studio Solution File, Format Version 12.00
# Visual Studio Version 17
VisualStudioVersion = 17.3.32819.101
MinimumVisualStudioVersion = 10.0.40219.1
Project("{FAE04EC0-301F-11D3-BF4B-00C04F79EFBC}") = "53", "53\53.csproj", "{BE293257-F70E-405E-8713-4A41CDDE6439}"
EndProject
Global
	GlobalSection(SolutionConfigurationPlatforms) = preSolution
		Debug|Any CPU = Debug|Any CPU
		Release|Any CPU = Release|Any CPU
	EndGlobalSection
	GlobalSection(ProjectConfigurationPlatforms) = postSolution
		{BE293257-F70E-405E-8713-4A41CDDE6439}.Debug|Any CPU.ActiveCfg = Debug|Any CPU
		{BE293257-F70E-405E-8713-4A41CDDE6439}.Debug|Any CPU.Build.0 = Debug|Any CPU
		{BE293257-F70E-405E-8713-4A41CDDE6439}.Release|Any CPU.ActiveCfg = Release|Any CPU
		{BE293257-F70E-405E-8713-4A41CDDE6439}.Release|Any CPU.Build.0 = Release|Any CPU
	EndGlobalSection
	GlobalSection(SolutionProperties) = preSolution
		HideSolutionNode = FALSE
	EndGlobalSection
	GlobalSection(ExtensibilityGlobals) = postSolution
		SolutionGuid = {12633F2A-A01F-42A7-AAE9-2D727EA79A79}
	EndGlobalSection
EndGlobal
