
Microsoft Visual Studio Solution File, Format Version 12.00
# Visual Studio Version 17
VisualStudioVersion = 17.3.32819.101
MinimumVisualStudioVersion = 10.0.40219.1
Project("{FAE04EC0-301F-11D3-BF4B-00C04F79EFBC}") = "5_1", "5_1\5_1.csproj", "{1A18785D-8B88-4402-BC99-1F8C1189923C}"
EndProject
Global
	GlobalSection(SolutionConfigurationPlatforms) = preSolution
		Debug|Any CPU = Debug|Any CPU
		Release|Any CPU = Release|Any CPU
	EndGlobalSection
	GlobalSection(ProjectConfigurationPlatforms) = postSolution
		{1A18785D-8B88-4402-BC99-1F8C1189923C}.Debug|Any CPU.ActiveCfg = Debug|Any CPU
		{1A18785D-8B88-4402-BC99-1F8C1189923C}.Debug|Any CPU.Build.0 = Debug|Any CPU
		{1A18785D-8B88-4402-BC99-1F8C1189923C}.Release|Any CPU.ActiveCfg = Release|Any CPU
		{1A18785D-8B88-4402-BC99-1F8C1189923C}.Release|Any CPU.Build.0 = Release|Any CPU
	EndGlobalSection
	GlobalSection(SolutionProperties) = preSolution
		HideSolutionNode = FALSE
	EndGlobalSection
	GlobalSection(ExtensibilityGlobals) = postSolution
		SolutionGuid = {E6E74E85-A17A-4E54-87E2-F2C8D21CD3E2}
	EndGlobalSection
EndGlobal
