
Microsoft Visual Studio Solution File, Format Version 12.00
# Visual Studio Version 17
VisualStudioVersion = 17.3.32819.101
MinimumVisualStudioVersion = 10.0.40219.1
Project("{FAE04EC0-301F-11D3-BF4B-00C04F79EFBC}") = "Symbols10_13", "Symbols10_13\Symbols10_13.csproj", "{F8E3DC23-6730-4ADA-BBD4-C633A85680F3}"
EndProject
Global
	GlobalSection(SolutionConfigurationPlatforms) = preSolution
		Debug|Any CPU = Debug|Any CPU
		Release|Any CPU = Release|Any CPU
	EndGlobalSection
	GlobalSection(ProjectConfigurationPlatforms) = postSolution
		{F8E3DC23-6730-4ADA-BBD4-C633A85680F3}.Debug|Any CPU.ActiveCfg = Debug|Any CPU
		{F8E3DC23-6730-4ADA-BBD4-C633A85680F3}.Debug|Any CPU.Build.0 = Debug|Any CPU
		{F8E3DC23-6730-4ADA-BBD4-C633A85680F3}.Release|Any CPU.ActiveCfg = Release|Any CPU
		{F8E3DC23-6730-4ADA-BBD4-C633A85680F3}.Release|Any CPU.Build.0 = Release|Any CPU
	EndGlobalSection
	GlobalSection(SolutionProperties) = preSolution
		HideSolutionNode = FALSE
	EndGlobalSection
	GlobalSection(ExtensibilityGlobals) = postSolution
		SolutionGuid = {A7176410-EE14-4149-B0B3-6E01D6CEC336}
	EndGlobalSection
EndGlobal
